
Microsoft Visual Studio Solution File, Format Version 12.00
# Visual Studio Version 17
VisualStudioVersion = 17.5.33516.290
MinimumVisualStudioVersion = 10.0.40219.1
Project("{9A19103F-16F7-4668-BE54-9A1E7A4F7556}") = "ClassLibraryFigures", "ClassLibraryFigures.csproj", "{32AC5704-6AF8-4866-B39D-C2ED64F7BE91}"
EndProject
Project("{FAE04EC0-301F-11D3-BF4B-00C04F79EFBC}") = "TestFigures", "..\TestFigures\TestFigures.csproj", "{D4C9C8DE-BA03-48A3-ADF8-CB265CF6F2C9}"
EndProject
Global
	GlobalSection(SolutionConfigurationPlatforms) = preSolution
		Debug|Any CPU = Debug|Any CPU
		Release|Any CPU = Release|Any CPU
	EndGlobalSection
	GlobalSection(ProjectConfigurationPlatforms) = postSolution
		{32AC5704-6AF8-4866-B39D-C2ED64F7BE91}.Debug|Any CPU.ActiveCfg = Debug|Any CPU
		{32AC5704-6AF8-4866-B39D-C2ED64F7BE91}.Debug|Any CPU.Build.0 = Debug|Any CPU
		{32AC5704-6AF8-4866-B39D-C2ED64F7BE91}.Release|Any CPU.ActiveCfg = Release|Any CPU
		{32AC5704-6AF8-4866-B39D-C2ED64F7BE91}.Release|Any CPU.Build.0 = Release|Any CPU
		{D4C9C8DE-BA03-48A3-ADF8-CB265CF6F2C9}.Debug|Any CPU.ActiveCfg = Debug|Any CPU
		{D4C9C8DE-BA03-48A3-ADF8-CB265CF6F2C9}.Debug|Any CPU.Build.0 = Debug|Any CPU
		{D4C9C8DE-BA03-48A3-ADF8-CB265CF6F2C9}.Release|Any CPU.ActiveCfg = Release|Any CPU
		{D4C9C8DE-BA03-48A3-ADF8-CB265CF6F2C9}.Release|Any CPU.Build.0 = Release|Any CPU
	EndGlobalSection
	GlobalSection(SolutionProperties) = preSolution
		HideSolutionNode = FALSE
	EndGlobalSection
	GlobalSection(ExtensibilityGlobals) = postSolution
		SolutionGuid = {62BC8991-2907-4305-9A8C-2348439D5AE8}
	EndGlobalSection
EndGlobal
